
Microsoft Visual Studio Solution File, Format Version 12.00
Project("{2150E333-8FDC-42A3-9474-1A3956D46DE8}") = "src", "src", "{AA74CF56-E0B2-4A6F-9592-6A134CCEB038}"
EndProject
Project("{FAE04EC0-301F-11D3-BF4B-00C04F79EFBC}") = "Aeta.Extensions.Amazon.SimpleNotificationService", "src\Aeta.Extensions.Amazon.SimpleNotificationService\Aeta.Extensions.Amazon.SimpleNotificationService.csproj", "{F56A3F83-E47F-4222-8719-96EA2B876248}"
EndProject
Global
	GlobalSection(SolutionConfigurationPlatforms) = preSolution
		Debug|Any CPU = Debug|Any CPU
		Release|Any CPU = Release|Any CPU
	EndGlobalSection
	GlobalSection(NestedProjects) = preSolution
		{F56A3F83-E47F-4222-8719-96EA2B876248} = {AA74CF56-E0B2-4A6F-9592-6A134CCEB038}
	EndGlobalSection
	GlobalSection(ProjectConfigurationPlatforms) = postSolution
		{F56A3F83-E47F-4222-8719-96EA2B876248}.Debug|Any CPU.ActiveCfg = Debug|Any CPU
		{F56A3F83-E47F-4222-8719-96EA2B876248}.Debug|Any CPU.Build.0 = Debug|Any CPU
		{F56A3F83-E47F-4222-8719-96EA2B876248}.Release|Any CPU.ActiveCfg = Release|Any CPU
		{F56A3F83-E47F-4222-8719-96EA2B876248}.Release|Any CPU.Build.0 = Release|Any CPU
	EndGlobalSection
EndGlobal
